
Microsoft Visual Studio Solution File, Format Version 12.00
# Visual Studio Version 17
VisualStudioVersion = 17.8.34525.116
MinimumVisualStudioVersion = 10.0.40219.1
Project("{FAE04EC0-301F-11D3-BF4B-00C04F79EFBC}") = "DbFirstTodoApp", "DbFirstTodoApp\DbFirstTodoApp.csproj", "{2C6DD4CD-9A00-4E70-917C-717323427CCF}"
EndProject
Global
	GlobalSection(SolutionConfigurationPlatforms) = preSolution
		Debug|Any CPU = Debug|Any CPU
		Release|Any CPU = Release|Any CPU
	EndGlobalSection
	GlobalSection(ProjectConfigurationPlatforms) = postSolution
		{2C6DD4CD-9A00-4E70-917C-717323427CCF}.Debug|Any CPU.ActiveCfg = Debug|Any CPU
		{2C6DD4CD-9A00-4E70-917C-717323427CCF}.Debug|Any CPU.Build.0 = Debug|Any CPU
		{2C6DD4CD-9A00-4E70-917C-717323427CCF}.Release|Any CPU.ActiveCfg = Release|Any CPU
		{2C6DD4CD-9A00-4E70-917C-717323427CCF}.Release|Any CPU.Build.0 = Release|Any CPU
	EndGlobalSection
	GlobalSection(SolutionProperties) = preSolution
		HideSolutionNode = FALSE
	EndGlobalSection
	GlobalSection(ExtensibilityGlobals) = postSolution
		SolutionGuid = {DD892C5C-0B3E-40F8-AA19-48600C3E8F35}
	EndGlobalSection
EndGlobal
