
Microsoft Visual Studio Solution File, Format Version 12.00
# Visual Studio Version 17
VisualStudioVersion = 17.8.34525.116
MinimumVisualStudioVersion = 10.0.40219.1
Project("{FAE04EC0-301F-11D3-BF4B-00C04F79EFBC}") = "EmployeeForm", "EmployeeForm\EmployeeForm.csproj", "{B638CC59-F4E6-4A96-88C7-6B26F7DD96D9}"
EndProject
Global
	GlobalSection(SolutionConfigurationPlatforms) = preSolution
		Debug|Any CPU = Debug|Any CPU
		Release|Any CPU = Release|Any CPU
	EndGlobalSection
	GlobalSection(ProjectConfigurationPlatforms) = postSolution
		{B638CC59-F4E6-4A96-88C7-6B26F7DD96D9}.Debug|Any CPU.ActiveCfg = Debug|Any CPU
		{B638CC59-F4E6-4A96-88C7-6B26F7DD96D9}.Debug|Any CPU.Build.0 = Debug|Any CPU
		{B638CC59-F4E6-4A96-88C7-6B26F7DD96D9}.Release|Any CPU.ActiveCfg = Release|Any CPU
		{B638CC59-F4E6-4A96-88C7-6B26F7DD96D9}.Release|Any CPU.Build.0 = Release|Any CPU
	EndGlobalSection
	GlobalSection(SolutionProperties) = preSolution
		HideSolutionNode = FALSE
	EndGlobalSection
	GlobalSection(ExtensibilityGlobals) = postSolution
		SolutionGuid = {F6A4F737-CD16-431C-8BB7-14F0FE89D2FF}
	EndGlobalSection
EndGlobal
