
Microsoft Visual Studio Solution File, Format Version 12.00
# Visual Studio Version 17
VisualStudioVersion = 17.9.34616.47
MinimumVisualStudioVersion = 10.0.40219.1
Project("{9A19103F-16F7-4668-BE54-9A1E7A4F7556}") = "OrdersWebAPI", "OrdersWebAPI\OrdersWebAPI.csproj", "{63D6267E-B5DA-44F3-AA82-AAEDBAC1C0B0}"
EndProject
Project("{FAE04EC0-301F-11D3-BF4B-00C04F79EFBC}") = "OrdersFrontEnd", "OrdersFrontEnd\OrdersFrontEnd.csproj", "{2D204F8B-3C57-4957-883E-0D020ED075F6}"
EndProject
Global
	GlobalSection(SolutionConfigurationPlatforms) = preSolution
		Debug|Any CPU = Debug|Any CPU
		Release|Any CPU = Release|Any CPU
	EndGlobalSection
	GlobalSection(ProjectConfigurationPlatforms) = postSolution
		{63D6267E-B5DA-44F3-AA82-AAEDBAC1C0B0}.Debug|Any CPU.ActiveCfg = Debug|Any CPU
		{63D6267E-B5DA-44F3-AA82-AAEDBAC1C0B0}.Debug|Any CPU.Build.0 = Debug|Any CPU
		{63D6267E-B5DA-44F3-AA82-AAEDBAC1C0B0}.Release|Any CPU.ActiveCfg = Release|Any CPU
		{63D6267E-B5DA-44F3-AA82-AAEDBAC1C0B0}.Release|Any CPU.Build.0 = Release|Any CPU
		{2D204F8B-3C57-4957-883E-0D020ED075F6}.Debug|Any CPU.ActiveCfg = Debug|Any CPU
		{2D204F8B-3C57-4957-883E-0D020ED075F6}.Debug|Any CPU.Build.0 = Debug|Any CPU
		{2D204F8B-3C57-4957-883E-0D020ED075F6}.Release|Any CPU.ActiveCfg = Release|Any CPU
		{2D204F8B-3C57-4957-883E-0D020ED075F6}.Release|Any CPU.Build.0 = Release|Any CPU
	EndGlobalSection
	GlobalSection(SolutionProperties) = preSolution
		HideSolutionNode = FALSE
	EndGlobalSection
	GlobalSection(ExtensibilityGlobals) = postSolution
		SolutionGuid = {BF2AB9C3-0D83-4FB8-89F1-EF5F4C108784}
	EndGlobalSection
EndGlobal
